
Microsoft Visual Studio Solution File, Format Version 12.00
# Visual Studio Version 17
VisualStudioVersion = 17.5.002.0
MinimumVisualStudioVersion = 10.0.40219.1
Project("{9A19103F-16F7-4668-BE54-9A1E7A4F7556}") = "DoDucTue190", "DoDucTue190.csproj", "{94082EE2-8C93-45E9-B4C2-A7E2B01E346A}"
EndProject
Global
	GlobalSection(SolutionConfigurationPlatforms) = preSolution
		Debug|Any CPU = Debug|Any CPU
		Release|Any CPU = Release|Any CPU
	EndGlobalSection
	GlobalSection(ProjectConfigurationPlatforms) = postSolution
		{94082EE2-8C93-45E9-B4C2-A7E2B01E346A}.Debug|Any CPU.ActiveCfg = Debug|Any CPU
		{94082EE2-8C93-45E9-B4C2-A7E2B01E346A}.Debug|Any CPU.Build.0 = Debug|Any CPU
		{94082EE2-8C93-45E9-B4C2-A7E2B01E346A}.Release|Any CPU.ActiveCfg = Release|Any CPU
		{94082EE2-8C93-45E9-B4C2-A7E2B01E346A}.Release|Any CPU.Build.0 = Release|Any CPU
	EndGlobalSection
	GlobalSection(SolutionProperties) = preSolution
		HideSolutionNode = FALSE
	EndGlobalSection
	GlobalSection(ExtensibilityGlobals) = postSolution
		SolutionGuid = {0B0EE824-4505-4FBB-ABEA-9A8FA702EE31}
	EndGlobalSection
EndGlobal
